
Microsoft Visual Studio Solution File, Format Version 12.00
# Visual Studio Version 17
VisualStudioVersion = 17.1.32228.430
MinimumVisualStudioVersion = 15.0.26124.0
Project("{9A19103F-16F7-4668-BE54-9A1E7A4F7556}") = "Blazored.LocalStorage", "src\Blazored.LocalStorage\Blazored.LocalStorage.csproj", "{EFA12DC3-35DE-449C-88F2-2BD7576CAF2C}"
EndProject
Project("{2150E333-8FDC-42A3-9474-1A3956D46DE8}") = "samples", "samples", "{F20B2AAB-FB71-4A1C-82FE-F1750B922BF6}"
EndProject
Project("{9A19103F-16F7-4668-BE54-9A1E7A4F7556}") = "BlazorWebAssembly", "samples\BlazorWebAssembly\BlazorWebAssembly.csproj", "{D6953CE0-6AD5-434C-99AA-7FF1E26724D4}"
EndProject
Project("{2150E333-8FDC-42A3-9474-1A3956D46DE8}") = "Solution Items", "Solution Items", "{9170D7A9-70CE-48E3-88A3-F11D2983103E}"
	ProjectSection(SolutionItems) = preProject
		.github\workflows\ci-main.yml = .github\workflows\ci-main.yml
		.github\workflows\ci-pr.yml = .github\workflows\ci-pr.yml
		README.md = README.md
		.github\workflows\release-drafter.yml = .github\workflows\release-drafter.yml
		Directory.Build.props = Directory.Build.props
		.github\workflows\codeql-analysis.yml = .github\workflows\codeql-analysis.yml
	EndProjectSection
EndProject
Project("{2150E333-8FDC-42A3-9474-1A3956D46DE8}") = "Tests", "Tests", "{B82A5126-EE01-4B4D-B642-F954B6E4E695}"
EndProject
Project("{9A19103F-16F7-4668-BE54-9A1E7A4F7556}") = "Blazored.LocalStorage.Tests", "tests\Blazored.LocalStorage.Tests\Blazored.LocalStorage.Tests.csproj", "{5A6A013E-325D-4A5F-B2FA-659B4FD2BDBC}"
EndProject
Project("{9A19103F-16F7-4668-BE54-9A1E7A4F7556}") = "bUnitExample", "samples\bUnitExample\bUnitExample.csproj", "{10F6FB83-3135-4B73-B0EB-D008A31AE8FA}"
EndProject
Project("{9A19103F-16F7-4668-BE54-9A1E7A4F7556}") = "Blazored.LocalStorage.TestExtensions", "src\Blazored.LocalStorage.TestExtensions\Blazored.LocalStorage.TestExtensions.csproj", "{650F351B-06A0-4D65-8A55-C9FF8D5BC177}"
EndProject
Project("{FAE04EC0-301F-11D3-BF4B-00C04F79EFBC}") = "InteractiveServer", "samples\InteractiveServer\InteractiveServer.csproj", "{8AC00DB6-28AF-4EA5-BB4E-9A393F574575}"
EndProject
Global
	GlobalSection(SolutionConfigurationPlatforms) = preSolution
		Debug|Any CPU = Debug|Any CPU
		Debug|x64 = Debug|x64
		Debug|x86 = Debug|x86
		Release|Any CPU = Release|Any CPU
		Release|x64 = Release|x64
		Release|x86 = Release|x86
	EndGlobalSection
	GlobalSection(ProjectConfigurationPlatforms) = postSolution
		{EFA12DC3-35DE-449C-88F2-2BD7576CAF2C}.Debug|Any CPU.ActiveCfg = Debug|Any CPU
		{EFA12DC3-35DE-449C-88F2-2BD7576CAF2C}.Debug|Any CPU.Build.0 = Debug|Any CPU
		{EFA12DC3-35DE-449C-88F2-2BD7576CAF2C}.Debug|x64.ActiveCfg = Debug|Any CPU
		{EFA12DC3-35DE-449C-88F2-2BD7576CAF2C}.Debug|x64.Build.0 = Debug|Any CPU
		{EFA12DC3-35DE-449C-88F2-2BD7576CAF2C}.Debug|x86.ActiveCfg = Debug|Any CPU
		{EFA12DC3-35DE-449C-88F2-2BD7576CAF2C}.Debug|x86.Build.0 = Debug|Any CPU
		{EFA12DC3-35DE-449C-88F2-2BD7576CAF2C}.Release|Any CPU.ActiveCfg = Release|Any CPU
		{EFA12DC3-35DE-449C-88F2-2BD7576CAF2C}.Release|Any CPU.Build.0 = Release|Any CPU
		{EFA12DC3-35DE-449C-88F2-2BD7576CAF2C}.Release|x64.ActiveCfg = Release|Any CPU
		{EFA12DC3-35DE-449C-88F2-2BD7576CAF2C}.Release|x64.Build.0 = Release|Any CPU
		{EFA12DC3-35DE-449C-88F2-2BD7576CAF2C}.Release|x86.ActiveCfg = Release|Any CPU
		{EFA12DC3-35DE-449C-88F2-2BD7576CAF2C}.Release|x86.Build.0 = Release|Any CPU
		{D6953CE0-6AD5-434C-99AA-7FF1E26724D4}.Debug|Any CPU.ActiveCfg = Debug|Any CPU
		{D6953CE0-6AD5-434C-99AA-7FF1E26724D4}.Debug|Any CPU.Build.0 = Debug|Any CPU
		{D6953CE0-6AD5-434C-99AA-7FF1E26724D4}.Debug|x64.ActiveCfg = Debug|Any CPU
		{D6953CE0-6AD5-434C-99AA-7FF1E26724D4}.Debug|x64.Build.0 = Debug|Any CPU
		{D6953CE0-6AD5-434C-99AA-7FF1E26724D4}.Debug|x86.ActiveCfg = Debug|Any CPU
		{D6953CE0-6AD5-434C-99AA-7FF1E26724D4}.Debug|x86.Build.0 = Debug|Any CPU
		{D6953CE0-6AD5-434C-99AA-7FF1E26724D4}.Release|Any CPU.ActiveCfg = Release|Any CPU
		{D6953CE0-6AD5-434C-99AA-7FF1E26724D4}.Release|Any CPU.Build.0 = Release|Any CPU
		{D6953CE0-6AD5-434C-99AA-7FF1E26724D4}.Release|x64.ActiveCfg = Release|Any CPU
		{D6953CE0-6AD5-434C-99AA-7FF1E26724D4}.Release|x64.Build.0 = Release|Any CPU
		{D6953CE0-6AD5-434C-99AA-7FF1E26724D4}.Release|x86.ActiveCfg = Release|Any CPU
		{D6953CE0-6AD5-434C-99AA-7FF1E26724D4}.Release|x86.Build.0 = Release|Any CPU
		{5A6A013E-325D-4A5F-B2FA-659B4FD2BDBC}.Debug|Any CPU.ActiveCfg = Debug|Any CPU
		{5A6A013E-325D-4A5F-B2FA-659B4FD2BDBC}.Debug|Any CPU.Build.0 = Debug|Any CPU
		{5A6A013E-325D-4A5F-B2FA-659B4FD2BDBC}.Debug|x64.ActiveCfg = Debug|Any CPU
		{5A6A013E-325D-4A5F-B2FA-659B4FD2BDBC}.Debug|x64.Build.0 = Debug|Any CPU
		{5A6A013E-325D-4A5F-B2FA-659B4FD2BDBC}.Debug|x86.ActiveCfg = Debug|Any CPU
		{5A6A013E-325D-4A5F-B2FA-659B4FD2BDBC}.Debug|x86.Build.0 = Debug|Any CPU
		{5A6A013E-325D-4A5F-B2FA-659B4FD2BDBC}.Release|Any CPU.ActiveCfg = Release|Any CPU
		{5A6A013E-325D-4A5F-B2FA-659B4FD2BDBC}.Release|Any CPU.Build.0 = Release|Any CPU
		{5A6A013E-325D-4A5F-B2FA-659B4FD2BDBC}.Release|x64.ActiveCfg = Release|Any CPU
		{5A6A013E-325D-4A5F-B2FA-659B4FD2BDBC}.Release|x64.Build.0 = Release|Any CPU
		{5A6A013E-325D-4A5F-B2FA-659B4FD2BDBC}.Release|x86.ActiveCfg = Release|Any CPU
		{5A6A013E-325D-4A5F-B2FA-659B4FD2BDBC}.Release|x86.Build.0 = Release|Any CPU
		{10F6FB83-3135-4B73-B0EB-D008A31AE8FA}.Debug|Any CPU.ActiveCfg = Debug|Any CPU
		{10F6FB83-3135-4B73-B0EB-D008A31AE8FA}.Debug|Any CPU.Build.0 = Debug|Any CPU
		{10F6FB83-3135-4B73-B0EB-D008A31AE8FA}.Debug|x64.ActiveCfg = Debug|Any CPU
		{10F6FB83-3135-4B73-B0EB-D008A31AE8FA}.Debug|x64.Build.0 = Debug|Any CPU
		{10F6FB83-3135-4B73-B0EB-D008A31AE8FA}.Debug|x86.ActiveCfg = Debug|Any CPU
		{10F6FB83-3135-4B73-B0EB-D008A31AE8FA}.Debug|x86.Build.0 = Debug|Any CPU
		{10F6FB83-3135-4B73-B0EB-D008A31AE8FA}.Release|Any CPU.ActiveCfg = Release|Any CPU
		{10F6FB83-3135-4B73-B0EB-D008A31AE8FA}.Release|Any CPU.Build.0 = Release|Any CPU
		{10F6FB83-3135-4B73-B0EB-D008A31AE8FA}.Release|x64.ActiveCfg = Release|Any CPU
		{10F6FB83-3135-4B73-B0EB-D008A31AE8FA}.Release|x64.Build.0 = Release|Any CPU
		{10F6FB83-3135-4B73-B0EB-D008A31AE8FA}.Release|x86.ActiveCfg = Release|Any CPU
		{10F6FB83-3135-4B73-B0EB-D008A31AE8FA}.Release|x86.Build.0 = Release|Any CPU
		{650F351B-06A0-4D65-8A55-C9FF8D5BC177}.Debug|Any CPU.ActiveCfg = Debug|Any CPU
		{650F351B-06A0-4D65-8A55-C9FF8D5BC177}.Debug|Any CPU.Build.0 = Debug|Any CPU
		{650F351B-06A0-4D65-8A55-C9FF8D5BC177}.Debug|x64.ActiveCfg = Debug|Any CPU
		{650F351B-06A0-4D65-8A55-C9FF8D5BC177}.Debug|x64.Build.0 = Debug|Any CPU
		{650F351B-06A0-4D65-8A55-C9FF8D5BC177}.Debug|x86.ActiveCfg = Debug|Any CPU
		{650F351B-06A0-4D65-8A55-C9FF8D5BC177}.Debug|x86.Build.0 = Debug|Any CPU
		{650F351B-06A0-4D65-8A55-C9FF8D5BC177}.Release|Any CPU.ActiveCfg = Release|Any CPU
		{650F351B-06A0-4D65-8A55-C9FF8D5BC177}.Release|Any CPU.Build.0 = Release|Any CPU
		{650F351B-06A0-4D65-8A55-C9FF8D5BC177}.Release|x64.ActiveCfg = Release|Any CPU
		{650F351B-06A0-4D65-8A55-C9FF8D5BC177}.Release|x64.Build.0 = Release|Any CPU
		{650F351B-06A0-4D65-8A55-C9FF8D5BC177}.Release|x86.ActiveCfg = Release|Any CPU
		{650F351B-06A0-4D65-8A55-C9FF8D5BC177}.Release|x86.Build.0 = Release|Any CPU
		{8AC00DB6-28AF-4EA5-BB4E-9A393F574575}.Debug|Any CPU.ActiveCfg = Debug|Any CPU
		{8AC00DB6-28AF-4EA5-BB4E-9A393F574575}.Debug|Any CPU.Build.0 = Debug|Any CPU
		{8AC00DB6-28AF-4EA5-BB4E-9A393F574575}.Debug|x64.ActiveCfg = Debug|Any CPU
		{8AC00DB6-28AF-4EA5-BB4E-9A393F574575}.Debug|x64.Build.0 = Debug|Any CPU
		{8AC00DB6-28AF-4EA5-BB4E-9A393F574575}.Debug|x86.ActiveCfg = Debug|Any CPU
		{8AC00DB6-28AF-4EA5-BB4E-9A393F574575}.Debug|x86.Build.0 = Debug|Any CPU
		{8AC00DB6-28AF-4EA5-BB4E-9A393F574575}.Release|Any CPU.ActiveCfg = Release|Any CPU
		{8AC00DB6-28AF-4EA5-BB4E-9A393F574575}.Release|Any CPU.Build.0 = Release|Any CPU
		{8AC00DB6-28AF-4EA5-BB4E-9A393F574575}.Release|x64.ActiveCfg = Release|Any CPU
		{8AC00DB6-28AF-4EA5-BB4E-9A393F574575}.Release|x64.Build.0 = Release|Any CPU
		{8AC00DB6-28AF-4EA5-BB4E-9A393F574575}.Release|x86.ActiveCfg = Release|Any CPU
		{8AC00DB6-28AF-4EA5-BB4E-9A393F574575}.Release|x86.Build.0 = Release|Any CPU
	EndGlobalSection
	GlobalSection(SolutionProperties) = preSolution
		HideSolutionNode = FALSE
	EndGlobalSection
	GlobalSection(NestedProjects) = preSolution
		{D6953CE0-6AD5-434C-99AA-7FF1E26724D4} = {F20B2AAB-FB71-4A1C-82FE-F1750B922BF6}
		{5A6A013E-325D-4A5F-B2FA-659B4FD2BDBC} = {B82A5126-EE01-4B4D-B642-F954B6E4E695}
		{10F6FB83-3135-4B73-B0EB-D008A31AE8FA} = {F20B2AAB-FB71-4A1C-82FE-F1750B922BF6}
		{8AC00DB6-28AF-4EA5-BB4E-9A393F574575} = {F20B2AAB-FB71-4A1C-82FE-F1750B922BF6}
	EndGlobalSection
	GlobalSection(ExtensibilityGlobals) = postSolution
		SolutionGuid = {2B91883F-A85A-49EB-A9C1-ABD567A9375E}
	EndGlobalSection
EndGlobal
